
Microsoft Visual Studio Solution File, Format Version 12.00
# Visual Studio 2013
VisualStudioVersion = 12.0.31101.0
MinimumVisualStudioVersion = 10.0.40219.1
Project("{FAE04EC0-301F-11D3-BF4B-00C04F79EFBC}") = "SuperMarketChain.OracleData", "oracledb\SuperMarketChain.OracleData.csproj", "{CE7989E8-72A5-4526-A82E-C2D75D9DA3AC}"
EndProject
Project("{2150E333-8FDC-42A3-9474-1A3956D46DE8}") = "Oracle", "Oracle", "{4B038118-5003-4111-B91A-257ADAC889F5}"
EndProject
Project("{2150E333-8FDC-42A3-9474-1A3956D46DE8}") = "MSSQL", "MSSQL", "{EA7ACC9E-8123-461E-8C0C-BB625570D1E7}"
EndProject
Project("{FAE04EC0-301F-11D3-BF4B-00C04F79EFBC}") = "Supermarket.CnsoleApp", "Supermarket.CnsoleApp\Supermarket.CnsoleApp.csproj", "{19431B0A-02E9-4903-8FED-9110F544300A}"
EndProject
Project("{FAE04EC0-301F-11D3-BF4B-00C04F79EFBC}") = "SupermarketChain.MSSQL", "SupermarketChain.MSSQL\SupermarketChain.MSSQL.csproj", "{C54E6C66-232C-405B-B8EC-0920C5A0C662}"
EndProject
Global
	GlobalSection(SolutionConfigurationPlatforms) = preSolution
		Debug|Any CPU = Debug|Any CPU
		Release|Any CPU = Release|Any CPU
	EndGlobalSection
	GlobalSection(ProjectConfigurationPlatforms) = postSolution
		{CE7989E8-72A5-4526-A82E-C2D75D9DA3AC}.Debug|Any CPU.ActiveCfg = Debug|Any CPU
		{CE7989E8-72A5-4526-A82E-C2D75D9DA3AC}.Debug|Any CPU.Build.0 = Debug|Any CPU
		{CE7989E8-72A5-4526-A82E-C2D75D9DA3AC}.Release|Any CPU.ActiveCfg = Release|Any CPU
		{CE7989E8-72A5-4526-A82E-C2D75D9DA3AC}.Release|Any CPU.Build.0 = Release|Any CPU
		{19431B0A-02E9-4903-8FED-9110F544300A}.Debug|Any CPU.ActiveCfg = Debug|Any CPU
		{19431B0A-02E9-4903-8FED-9110F544300A}.Debug|Any CPU.Build.0 = Debug|Any CPU
		{19431B0A-02E9-4903-8FED-9110F544300A}.Release|Any CPU.ActiveCfg = Release|Any CPU
		{19431B0A-02E9-4903-8FED-9110F544300A}.Release|Any CPU.Build.0 = Release|Any CPU
		{C54E6C66-232C-405B-B8EC-0920C5A0C662}.Debug|Any CPU.ActiveCfg = Debug|Any CPU
		{C54E6C66-232C-405B-B8EC-0920C5A0C662}.Debug|Any CPU.Build.0 = Debug|Any CPU
		{C54E6C66-232C-405B-B8EC-0920C5A0C662}.Release|Any CPU.ActiveCfg = Release|Any CPU
		{C54E6C66-232C-405B-B8EC-0920C5A0C662}.Release|Any CPU.Build.0 = Release|Any CPU
	EndGlobalSection
	GlobalSection(SolutionProperties) = preSolution
		HideSolutionNode = FALSE
	EndGlobalSection
	GlobalSection(NestedProjects) = preSolution
		{CE7989E8-72A5-4526-A82E-C2D75D9DA3AC} = {4B038118-5003-4111-B91A-257ADAC889F5}
		{C54E6C66-232C-405B-B8EC-0920C5A0C662} = {EA7ACC9E-8123-461E-8C0C-BB625570D1E7}
	EndGlobalSection
EndGlobal
